// !$*UTF8*$!
{
	archiveVersion = 1;
	classes = {
	};
	objectVersion = 56;
	objects = {

/* Begin PBXBuildFile section */
		669B1D1C29368DF6007F7C8F /* AmelkinHomework.h in Headers */ = {isa = PBXBuildFile; fileRef = 669B1D1B29368DF6007F7C8F /* AmelkinHomework.h */; settings = {ATTRIBUTES = (Public, ); }; };
		669B1D2329368E15007F7C8F /* AmelkinViewController.swift in Sources */ = {isa = PBXBuildFile; fileRef = 669B1D2229368E15007F7C8F /* AmelkinViewController.swift */; };
		66D829062936AFF2002D3406 /* SnapKit.framework in Frameworks */ = {isa = PBXBuildFile; fileRef = 66D829052936AFF2002D3406 /* SnapKit.framework */; };
		66D829072936AFF2002D3406 /* SnapKit.framework in Embed Frameworks */ = {isa = PBXBuildFile; fileRef = 66D829052936AFF2002D3406 /* SnapKit.framework */; settings = {ATTRIBUTES = (CodeSignOnCopy, RemoveHeadersOnCopy, ); }; };
		66D8290B2936B004002D3406 /* OtusHomework.framework in Frameworks */ = {isa = PBXBuildFile; fileRef = 66D8290A2936B004002D3406 /* OtusHomework.framework */; };
		66D8290C2936B004002D3406 /* OtusHomework.framework in Embed Frameworks */ = {isa = PBXBuildFile; fileRef = 66D8290A2936B004002D3406 /* OtusHomework.framework */; settings = {ATTRIBUTES = (CodeSignOnCopy, RemoveHeadersOnCopy, ); }; };
		66D8290D2936C067002D3406 /* OtusHomework.framework in Resources */ = {isa = PBXBuildFile; fileRef = 66D8290A2936B004002D3406 /* OtusHomework.framework */; };
		66D8290E2936C075002D3406 /* OtusHomework.framework in Sources */ = {isa = PBXBuildFile; fileRef = 66D8290A2936B004002D3406 /* OtusHomework.framework */; };
		70C16D2001D62985494009BB /* Pods_AmelkinHomework.framework in Frameworks */ = {isa = PBXBuildFile; fileRef = 4A49C514A0CA290AAD91EFFF /* Pods_AmelkinHomework.framework */; };
/* End PBXBuildFile section */

/* Begin PBXCopyFilesBuildPhase section */
		66D829082936AFF2002D3406 /* Embed Frameworks */ = {
			isa = PBXCopyFilesBuildPhase;
			buildActionMask = 2147483647;
			dstPath = "";
			dstSubfolderSpec = 10;
			files = (
				66D829072936AFF2002D3406 /* SnapKit.framework in Embed Frameworks */,
				66D8290C2936B004002D3406 /* OtusHomework.framework in Embed Frameworks */,
			);
			name = "Embed Frameworks";
			runOnlyForDeploymentPostprocessing = 0;
		};
/* End PBXCopyFilesBuildPhase section */

/* Begin PBXFileReference section */
		4A49C514A0CA290AAD91EFFF /* Pods_AmelkinHomework.framework */ = {isa = PBXFileReference; explicitFileType = wrapper.framework; includeInIndex = 0; path = Pods_AmelkinHomework.framework; sourceTree = BUILT_PRODUCTS_DIR; };
		669B1D1829368DF6007F7C8F /* AmelkinHomework.framework */ = {isa = PBXFileReference; explicitFileType = wrapper.framework; includeInIndex = 0; path = AmelkinHomework.framework; sourceTree = BUILT_PRODUCTS_DIR; };
		669B1D1B29368DF6007F7C8F /* AmelkinHomework.h */ = {isa = PBXFileReference; lastKnownFileType = sourcecode.c.h; path = AmelkinHomework.h; sourceTree = "<group>"; };
		669B1D2229368E15007F7C8F /* AmelkinViewController.swift */ = {isa = PBXFileReference; lastKnownFileType = sourcecode.swift; path = AmelkinViewController.swift; sourceTree = "<group>"; };
		66D829052936AFF2002D3406 /* SnapKit.framework */ = {isa = PBXFileReference; explicitFileType = wrapper.framework; path = SnapKit.framework; sourceTree = BUILT_PRODUCTS_DIR; };
		66D8290A2936B004002D3406 /* OtusHomework.framework */ = {isa = PBXFileReference; explicitFileType = wrapper.framework; path = OtusHomework.framework; sourceTree = BUILT_PRODUCTS_DIR; };
		AD8DE3AE2B7B025D9117BC6C /* Pods-AmelkinHomework.release.xcconfig */ = {isa = PBXFileReference; includeInIndex = 1; lastKnownFileType = text.xcconfig; name = "Pods-AmelkinHomework.release.xcconfig"; path = "Target Support Files/Pods-AmelkinHomework/Pods-AmelkinHomework.release.xcconfig"; sourceTree = "<group>"; };
		B52A4F6DB7C409858827AAE8 /* Pods-AmelkinHomework.debug.xcconfig */ = {isa = PBXFileReference; includeInIndex = 1; lastKnownFileType = text.xcconfig; name = "Pods-AmelkinHomework.debug.xcconfig"; path = "Target Support Files/Pods-AmelkinHomework/Pods-AmelkinHomework.debug.xcconfig"; sourceTree = "<group>"; };
/* End PBXFileReference section */

/* Begin PBXFrameworksBuildPhase section */
		669B1D1529368DF6007F7C8F /* Frameworks */ = {
			isa = PBXFrameworksBuildPhase;
			buildActionMask = 2147483647;
			files = (
				66D8290B2936B004002D3406 /* OtusHomework.framework in Frameworks */,
				66D829062936AFF2002D3406 /* SnapKit.framework in Frameworks */,
				70C16D2001D62985494009BB /* Pods_AmelkinHomework.framework in Frameworks */,
			);
			runOnlyForDeploymentPostprocessing = 0;
		};
/* End PBXFrameworksBuildPhase section */

/* Begin PBXGroup section */
		273A8287FB4CE9A9EBED25AC /* Frameworks */ = {
			isa = PBXGroup;
			children = (
				66D8290A2936B004002D3406 /* OtusHomework.framework */,
				66D829052936AFF2002D3406 /* SnapKit.framework */,
				4A49C514A0CA290AAD91EFFF /* Pods_AmelkinHomework.framework */,
			);
			name = Frameworks;
			sourceTree = "<group>";
		};
		669B1D0E29368DF6007F7C8F = {
			isa = PBXGroup;
			children = (
				669B1D1A29368DF6007F7C8F /* AmelkinHomework */,
				669B1D1929368DF6007F7C8F /* Products */,
				692B59D15BC1D50F48500C73 /* Pods */,
				273A8287FB4CE9A9EBED25AC /* Frameworks */,
			);
			sourceTree = "<group>";
		};
		669B1D1929368DF6007F7C8F /* Products */ = {
			isa = PBXGroup;
			children = (
				669B1D1829368DF6007F7C8F /* AmelkinHomework.framework */,
			);
			name = Products;
			sourceTree = "<group>";
		};
		669B1D1A29368DF6007F7C8F /* AmelkinHomework */ = {
			isa = PBXGroup;
			children = (
				669B1D1B29368DF6007F7C8F /* AmelkinHomework.h */,
				669B1D2229368E15007F7C8F /* AmelkinViewController.swift */,
			);
			path = AmelkinHomework;
			sourceTree = "<group>";
		};
		692B59D15BC1D50F48500C73 /* Pods */ = {
			isa = PBXGroup;
			children = (
				B52A4F6DB7C409858827AAE8 /* Pods-AmelkinHomework.debug.xcconfig */,
				AD8DE3AE2B7B025D9117BC6C /* Pods-AmelkinHomework.release.xcconfig */,
			);
			path = Pods;
			sourceTree = "<group>";
		};
/* End PBXGroup section */

/* Begin PBXHeadersBuildPhase section */
		669B1D1329368DF6007F7C8F /* Headers */ = {
			isa = PBXHeadersBuildPhase;
			buildActionMask = 2147483647;
			files = (
				669B1D1C29368DF6007F7C8F /* AmelkinHomework.h in Headers */,
			);
			runOnlyForDeploymentPostprocessing = 0;
		};
/* End PBXHeadersBuildPhase section */

/* Begin PBXNativeTarget section */
		669B1D1729368DF6007F7C8F /* AmelkinHomework */ = {
			isa = PBXNativeTarget;
			buildConfigurationList = 669B1D1F29368DF6007F7C8F /* Build configuration list for PBXNativeTarget "AmelkinHomework" */;
			buildPhases = (
				6F3F1B19030A311A2A5D50ED /* [CP] Check Pods Manifest.lock */,
				669B1D1329368DF6007F7C8F /* Headers */,
				669B1D1429368DF6007F7C8F /* Sources */,
				669B1D1529368DF6007F7C8F /* Frameworks */,
				669B1D1629368DF6007F7C8F /* Resources */,
				66D829082936AFF2002D3406 /* Embed Frameworks */,
			);
			buildRules = (
			);
			dependencies = (
			);
			name = AmelkinHomework;
			productName = AmelkinHomework;
			productReference = 669B1D1829368DF6007F7C8F /* AmelkinHomework.framework */;
			productType = "com.apple.product-type.framework";
		};
/* End PBXNativeTarget section */

/* Begin PBXProject section */
		669B1D0F29368DF6007F7C8F /* Project object */ = {
			isa = PBXProject;
			attributes = {
				BuildIndependentTargetsInParallel = 1;
				LastUpgradeCheck = 1410;
				TargetAttributes = {
					669B1D1729368DF6007F7C8F = {
						CreatedOnToolsVersion = 14.1;
						LastSwiftMigration = 1410;
					};
				};
			};
			buildConfigurationList = 669B1D1229368DF6007F7C8F /* Build configuration list for PBXProject "AmelkinHomework" */;
			compatibilityVersion = "Xcode 14.0";
			developmentRegion = en;
			hasScannedForEncodings = 0;
			knownRegions = (
				en,
				Base,
			);
			mainGroup = 669B1D0E29368DF6007F7C8F;
			productRefGroup = 669B1D1929368DF6007F7C8F /* Products */;
			projectDirPath = "";
			projectRoot = "";
			targets = (
				669B1D1729368DF6007F7C8F /* AmelkinHomework */,
			);
		};
/* End PBXProject section */

/* Begin PBXResourcesBuildPhase section */
		669B1D1629368DF6007F7C8F /* Resources */ = {
			isa = PBXResourcesBuildPhase;
			buildActionMask = 2147483647;
			files = (
				66D8290D2936C067002D3406 /* OtusHomework.framework in Resources */,
			);
			runOnlyForDeploymentPostprocessing = 0;
		};
/* End PBXResourcesBuildPhase section */

/* Begin PBXShellScriptBuildPhase section */
		6F3F1B19030A311A2A5D50ED /* [CP] Check Pods Manifest.lock */ = {
			isa = PBXShellScriptBuildPhase;
			buildActionMask = 2147483647;
			files = (
			);
			inputFileListPaths = (
			);
			inputPaths = (
				"${PODS_PODFILE_DIR_PATH}/Podfile.lock",
				"${PODS_ROOT}/Manifest.lock",
			);
			name = "[CP] Check Pods Manifest.lock";
			outputFileListPaths = (
			);
			outputPaths = (
				"$(DERIVED_FILE_DIR)/Pods-AmelkinHomework-checkManifestLockResult.txt",
			);
			runOnlyForDeploymentPostprocessing = 0;
			shellPath = /bin/sh;
			shellScript = "diff \"${PODS_PODFILE_DIR_PATH}/Podfile.lock\" \"${PODS_ROOT}/Manifest.lock\" > /dev/null\nif [ $? != 0 ] ; then\n    # print error to STDERR\n    echo \"error: The sandbox is not in sync with the Podfile.lock. Run 'pod install' or update your CocoaPods installation.\" >&2\n    exit 1\nfi\n# This output is used by Xcode 'outputs' to avoid re-running this script phase.\necho \"SUCCESS\" > \"${SCRIPT_OUTPUT_FILE_0}\"\n";
			showEnvVarsInLog = 0;
		};
/* End PBXShellScriptBuildPhase section */

/* Begin PBXSourcesBuildPhase section */
		669B1D1429368DF6007F7C8F /* Sources */ = {
			isa = PBXSourcesBuildPhase;
			buildActionMask = 2147483647;
			files = (
				66D8290E2936C075002D3406 /* OtusHomework.framework in Sources */,
				669B1D2329368E15007F7C8F /* AmelkinViewController.swift in Sources */,
			);
			runOnlyForDeploymentPostprocessing = 0;
		};
/* End PBXSourcesBuildPhase section */

/* Begin XCBuildConfiguration section */
		669B1D1D29368DF6007F7C8F /* Debug */ = {
			isa = XCBuildConfiguration;
			buildSettings = {
				ALWAYS_SEARCH_USER_PATHS = NO;
				CLANG_ANALYZER_NONNULL = YES;
				CLANG_ANALYZER_NUMBER_OBJECT_CONVERSION = YES_AGGRESSIVE;
				CLANG_CXX_LANGUAGE_STANDARD = "gnu++20";
				CLANG_ENABLE_MODULES = YES;
				CLANG_ENABLE_OBJC_ARC = YES;
				CLANG_ENABLE_OBJC_WEAK = YES;
				CLANG_WARN_BLOCK_CAPTURE_AUTORELEASING = YES;
				CLANG_WARN_BOOL_CONVERSION = YES;
				CLANG_WARN_COMMA = YES;
				CLANG_WARN_CONSTANT_CONVERSION = YES;
				CLANG_WARN_DEPRECATED_OBJC_IMPLEMENTATIONS = YES;
				CLANG_WARN_DIRECT_OBJC_ISA_USAGE = YES_ERROR;
				CLANG_WARN_DOCUMENTATION_COMMENTS = YES;
				CLANG_WARN_EMPTY_BODY = YES;
				CLANG_WARN_ENUM_CONVERSION = YES;
				CLANG_WARN_INFINITE_RECURSION = YES;
				CLANG_WARN_INT_CONVERSION = YES;
				CLANG_WARN_NON_LITERAL_NULL_CONVERSION = YES;
				CLANG_WARN_OBJC_IMPLICIT_RETAIN_SELF = YES;
				CLANG_WARN_OBJC_LITERAL_CONVERSION = YES;
				CLANG_WARN_OBJC_ROOT_CLASS = YES_ERROR;
				CLANG_WARN_QUOTED_INCLUDE_IN_FRAMEWORK_HEADER = YES;
				CLANG_WARN_RANGE_LOOP_ANALYSIS = YES;
				CLANG_WARN_STRICT_PROTOTYPES = YES;
				CLANG_WARN_SUSPICIOUS_MOVE = YES;
				CLANG_WARN_UNGUARDED_AVAILABILITY = YES_AGGRESSIVE;
				CLANG_WARN_UNREACHABLE_CODE = YES;
				CLANG_WARN__DUPLICATE_METHOD_MATCH = YES;
				COPY_PHASE_STRIP = NO;
				CURRENT_PROJECT_VERSION = 1;
				DEBUG_INFORMATION_FORMAT = dwarf;
				ENABLE_STRICT_OBJC_MSGSEND = YES;
				ENABLE_TESTABILITY = YES;
				GCC_C_LANGUAGE_STANDARD = gnu11;
				GCC_DYNAMIC_NO_PIC = NO;
				GCC_NO_COMMON_BLOCKS = YES;
				GCC_OPTIMIZATION_LEVEL = 0;
				GCC_PREPROCESSOR_DEFINITIONS = (
					"DEBUG=1",
					"$(inherited)",
				);
				GCC_WARN_64_TO_32_BIT_CONVERSION = YES;
				GCC_WARN_ABOUT_RETURN_TYPE = YES_ERROR;
				GCC_WARN_UNDECLARED_SELECTOR = YES;
				GCC_WARN_UNINITIALIZED_AUTOS = YES_AGGRESSIVE;
				GCC_WARN_UNUSED_FUNCTION = YES;
				GCC_WARN_UNUSED_VARIABLE = YES;
				IPHONEOS_DEPLOYMENT_TARGET = 13.0;
				MTL_ENABLE_DEBUG_INFO = INCLUDE_SOURCE;
				MTL_FAST_MATH = YES;
				ONLY_ACTIVE_ARCH = YES;
				SDKROOT = iphoneos;
				SWIFT_ACTIVE_COMPILATION_CONDITIONS = DEBUG;
				SWIFT_OPTIMIZATION_LEVEL = "-Onone";
				VERSIONING_SYSTEM = "apple-generic";
				VERSION_INFO_PREFIX = "";
			};
			name = Debug;
		};
		669B1D1E29368DF6007F7C8F /* Release */ = {
			isa = XCBuildConfiguration;
			buildSettings = {
				ALWAYS_SEARCH_USER_PATHS = NO;
				CLANG_ANALYZER_NONNULL = YES;
				CLANG_ANALYZER_NUMBER_OBJECT_CONVERSION = YES_AGGRESSIVE;
				CLANG_CXX_LANGUAGE_STANDARD = "gnu++20";
				CLANG_ENABLE_MODULES = YES;
				CLANG_ENABLE_OBJC_ARC = YES;
				CLANG_ENABLE_OBJC_WEAK = YES;
				CLANG_WARN_BLOCK_CAPTURE_AUTORELEASING = YES;
				CLANG_WARN_BOOL_CONVERSION = YES;
				CLANG_WARN_COMMA = YES;
				CLANG_WARN_CONSTANT_CONVERSION = YES;
				CLANG_WARN_DEPRECATED_OBJC_IMPLEMENTATIONS = YES;
				CLANG_WARN_DIRECT_OBJC_ISA_USAGE = YES_ERROR;
				CLANG_WARN_DOCUMENTATION_COMMENTS = YES;
				CLANG_WARN_EMPTY_BODY = YES;
				CLANG_WARN_ENUM_CONVERSION = YES;
				CLANG_WARN_INFINITE_RECURSION = YES;
				CLANG_WARN_INT_CONVERSION = YES;
				CLANG_WARN_NON_LITERAL_NULL_CONVERSION = YES;
				CLANG_WARN_OBJC_IMPLICIT_RETAIN_SELF = YES;
				CLANG_WARN_OBJC_LITERAL_CONVERSION = YES;
				CLANG_WARN_OBJC_ROOT_CLASS = YES_ERROR;
				CLANG_WARN_QUOTED_INCLUDE_IN_FRAMEWORK_HEADER = YES;
				CLANG_WARN_RANGE_LOOP_ANALYSIS = YES;
				CLANG_WARN_STRICT_PROTOTYPES = YES;
				CLANG_WARN_SUSPICIOUS_MOVE = YES;
				CLANG_WARN_UNGUARDED_AVAILABILITY = YES_AGGRESSIVE;
				CLANG_WARN_UNREACHABLE_CODE = YES;
				CLANG_WARN__DUPLICATE_METHOD_MATCH = YES;
				COPY_PHASE_STRIP = NO;
				CURRENT_PROJECT_VERSION = 1;
				DEBUG_INFORMATION_FORMAT = "dwarf-with-dsym";
				ENABLE_NS_ASSERTIONS = NO;
				ENABLE_STRICT_OBJC_MSGSEND = YES;
				GCC_C_LANGUAGE_STANDARD = gnu11;
				GCC_NO_COMMON_BLOCKS = YES;
				GCC_WARN_64_TO_32_BIT_CONVERSION = YES;
				GCC_WARN_ABOUT_RETURN_TYPE = YES_ERROR;
				GCC_WARN_UNDECLARED_SELECTOR = YES;
				GCC_WARN_UNINITIALIZED_AUTOS = YES_AGGRESSIVE;
				GCC_WARN_UNUSED_FUNCTION = YES;
				GCC_WARN_UNUSED_VARIABLE = YES;
				IPHONEOS_DEPLOYMENT_TARGET = 13.0;
				MTL_ENABLE_DEBUG_INFO = NO;
				MTL_FAST_MATH = YES;
				SDKROOT = iphoneos;
				SWIFT_COMPILATION_MODE = wholemodule;
				SWIFT_OPTIMIZATION_LEVEL = "-O";
				VALIDATE_PRODUCT = YES;
				VERSIONING_SYSTEM = "apple-generic";
				VERSION_INFO_PREFIX = "";
			};
			name = Release;
		};
		669B1D2029368DF6007F7C8F /* Debug */ = {
			isa = XCBuildConfiguration;
			baseConfigurationReference = B52A4F6DB7C409858827AAE8 /* Pods-AmelkinHomework.debug.xcconfig */;
			buildSettings = {
				CLANG_ENABLE_MODULES = YES;
				CODE_SIGN_STYLE = Automatic;
				CURRENT_PROJECT_VERSION = 1;
				DEFINES_MODULE = YES;
				DYLIB_COMPATIBILITY_VERSION = 1;
				DYLIB_CURRENT_VERSION = 1;
				DYLIB_INSTALL_NAME_BASE = "@rpath";
				GENERATE_INFOPLIST_FILE = YES;
				INFOPLIST_KEY_NSHumanReadableCopyright = "";
				INSTALL_PATH = "$(LOCAL_LIBRARY_DIR)/Frameworks";
				LD_RUNPATH_SEARCH_PATHS = (
					"$(inherited)",
					"@executable_path/Frameworks",
					"@loader_path/Frameworks",
				);
				MARKETING_VERSION = 1.0;
				PRODUCT_BUNDLE_IDENTIFIER = amelkin.AmelkinHomework;
				PRODUCT_NAME = "$(TARGET_NAME:c99extidentifier)";
				SKIP_INSTALL = YES;
				SWIFT_EMIT_LOC_STRINGS = YES;
				SWIFT_OPTIMIZATION_LEVEL = "-Onone";
				SWIFT_VERSION = 5.0;
				TARGETED_DEVICE_FAMILY = "1,2";
			};
			name = Debug;
		};
		669B1D2129368DF6007F7C8F /* Release */ = {
			isa = XCBuildConfiguration;
			baseConfigurationReference = AD8DE3AE2B7B025D9117BC6C /* Pods-AmelkinHomework.release.xcconfig */;
			buildSettings = {
				CLANG_ENABLE_MODULES = YES;
				CODE_SIGN_STYLE = Automatic;
				CURRENT_PROJECT_VERSION = 1;
				DEFINES_MODULE = YES;
				DYLIB_COMPATIBILITY_VERSION = 1;
				DYLIB_CURRENT_VERSION = 1;
				DYLIB_INSTALL_NAME_BASE = "@rpath";
				GENERATE_INFOPLIST_FILE = YES;
				INFOPLIST_KEY_NSHumanReadableCopyright = "";
				INSTALL_PATH = "$(LOCAL_LIBRARY_DIR)/Frameworks";
				LD_RUNPATH_SEARCH_PATHS = (
					"$(inherited)",
					"@executable_path/Frameworks",
					"@loader_path/Frameworks",
				);
				MARKETING_VERSION = 1.0;
				PRODUCT_BUNDLE_IDENTIFIER = amelkin.AmelkinHomework;
				PRODUCT_NAME = "$(TARGET_NAME:c99extidentifier)";
				SKIP_INSTALL = YES;
				SWIFT_EMIT_LOC_STRINGS = YES;
				SWIFT_VERSION = 5.0;
				TARGETED_DEVICE_FAMILY = "1,2";
			};
			name = Release;
		};
/* End XCBuildConfiguration section */

/* Begin XCConfigurationList section */
		669B1D1229368DF6007F7C8F /* Build configuration list for PBXProject "AmelkinHomework" */ = {
			isa = XCConfigurationList;
			buildConfigurations = (
				669B1D1D29368DF6007F7C8F /* Debug */,
				669B1D1E29368DF6007F7C8F /* Release */,
			);
			defaultConfigurationIsVisible = 0;
			defaultConfigurationName = Release;
		};
		669B1D1F29368DF6007F7C8F /* Build configuration list for PBXNativeTarget "AmelkinHomework" */ = {
			isa = XCConfigurationList;
			buildConfigurations = (
				669B1D2029368DF6007F7C8F /* Debug */,
				669B1D2129368DF6007F7C8F /* Release */,
			);
			defaultConfigurationIsVisible = 0;
			defaultConfigurationName = Release;
		};
/* End XCConfigurationList section */
	};
	rootObject = 669B1D0F29368DF6007F7C8F /* Project object */;
}
